lockfileVersion: '9.0'

settings:
  autoInstallPeers: true
  excludeLinksFromLockfile: false

importers:

  .:
    dependencies:
      '@ultranomic/hook':
        specifier: ^1.3.5
        version: 1.3.6
    devDependencies:
      '@typescript/native-preview':
        specifier: latest
        version: 7.0.0-dev.20251201.1
      pino:
        specifier: ^10.1.0
        version: 10.1.0
      prettier:
        specifier: ^3.6.2
        version: 3.7.3

packages:

  '@pinojs/redact@0.4.0':
    resolution: {integrity: sha512-k2ENnmBugE/rzQfEcdWHcCY+/FM3VLzH9cYEsbdsoqrvzAKRhUZeRNhAZvB8OitQJ1TBed3yqWtdjzS6wJKBwg==}

  '@typescript/native-preview-darwin-arm64@7.0.0-dev.20251201.1':
    resolution: {integrity: sha512-PY0BrlRF3YCZEMxzuk79IFSgpGqUErkdrW7Aq+/mF8DEET5uaDypTMb8Vz4CLYJ7Xvvxz8eZsLimPbv6hYDIvA==}
    cpu: [arm64]
    os: [darwin]

  '@typescript/native-preview-darwin-x64@7.0.0-dev.20251201.1':
    resolution: {integrity: sha512-YeDrjnsvXwm/MNG8aURT3J+cmHQIhpiElBKOVOy/H6ky4S2Ro9ufG+Bj9CqS3etbTCLhV5btk+QNh86DZ4VDkQ==}
    cpu: [x64]
    os: [darwin]

  '@typescript/native-preview-linux-arm64@7.0.0-dev.20251201.1':
    resolution: {integrity: sha512-HbEn+SBTDZEtwN/VUxA2To+6vEr7x++SCRc6yGp5y4onpBL2xnH17UoxWiqN9J4Bu1DbQ9jZv3D5CzwBlofPQA==}
    cpu: [arm64]
    os: [linux]

  '@typescript/native-preview-linux-arm@7.0.0-dev.20251201.1':
    resolution: {integrity: sha512-gr2EQYK888YdGROMc7l3N3MeKY1V3QVImKIQZNgqprV+N2rXaFnxGAZ+gql3LqZgRGel4a12vCUJeP7Pjl2gww==}
    cpu: [arm]
    os: [linux]

  '@typescript/native-preview-linux-x64@7.0.0-dev.20251201.1':
    resolution: {integrity: sha512-q94K/LZ3Ab/SbUBMBsf37VdsumeZ1dZmymJYlhGBqk/fdXBayL0diLR3RdzyeQWbCXAxWL5KFKLIiIc3cI/fcA==}
    cpu: [x64]
    os: [linux]

  '@typescript/native-preview-win32-arm64@7.0.0-dev.20251201.1':
    resolution: {integrity: sha512-/AFwpsX/G05bBsfVURfg4+/JC6gfvqj9jfFe/7oe1Y1J42koN5C8TH+eSmMOOEcPYpFjR1e+NWckqBJKaCXJ4A==}
    cpu: [arm64]
    os: [win32]

  '@typescript/native-preview-win32-x64@7.0.0-dev.20251201.1':
    resolution: {integrity: sha512-vTUCDEuSP4ifLHqb8aljuj44v6+M1HDKo1WLnboTDpwU7IIrTux/0jzkPfEHd9xd5FU4EhSA8ZrYDwKI0BcRcg==}
    cpu: [x64]
    os: [win32]

  '@typescript/native-preview@7.0.0-dev.20251201.1':
    resolution: {integrity: sha512-EiPEgGwNa2uHyyKgeoWTL6wWHKUBmF3xsfZ3OHofk7TxUuxb2mpLG5igEuaBe8iUwkCUl9uZgJvOu6o0wE5NSA==}
    hasBin: true

  '@ultranomic/hook@1.3.6':
    resolution: {integrity: sha512-CdR6+uPv0vR7uX//FWF4YrABTRTAv8/MfeN/0oygkAJptjcnF2l4/VxPvPPAXdezcrjIV36sbtCOKbRs8W1dZA==}
    engines: {node: '>=24.0.0'}

  atomic-sleep@1.0.0:
    resolution: {integrity: sha512-kNOjDqAh7px0XWNI+4QbzoiR/nTkHAWNud2uvnJquD1/x5a7EQZMJT0AczqK0Qn67oY/TTQ1LbUKajZpp3I9tQ==}
    engines: {node: '>=8.0.0'}

  on-exit-leak-free@2.1.2:
    resolution: {integrity: sha512-0eJJY6hXLGf1udHwfNftBqH+g73EU4B504nZeKpz1sYRKafAghwxEJunB2O7rDZkL4PGfsMVnTXZ2EjibbqcsA==}
    engines: {node: '>=14.0.0'}

  pino-abstract-transport@2.0.0:
    resolution: {integrity: sha512-F63x5tizV6WCh4R6RHyi2Ml+M70DNRXt/+HANowMflpgGFMAym/VKm6G7ZOQRjqN7XbGxK1Lg9t6ZrtzOaivMw==}

  pino-std-serializers@7.0.0:
    resolution: {integrity: sha512-e906FRY0+tV27iq4juKzSYPbUj2do2X2JX4EzSca1631EB2QJQUqGbDuERal7LCtOpxl6x3+nvo9NPZcmjkiFA==}

  pino@10.1.0:
    resolution: {integrity: sha512-0zZC2ygfdqvqK8zJIr1e+wT1T/L+LF6qvqvbzEQ6tiMAoTqEVK9a1K3YRu8HEUvGEvNqZyPJTtb2sNIoTkB83w==}
    hasBin: true

  prettier@3.7.3:
    resolution: {integrity: sha512-QgODejq9K3OzoBbuyobZlUhznP5SKwPqp+6Q6xw6o8gnhr4O85L2U915iM2IDcfF2NPXVaM9zlo9tdwipnYwzg==}
    engines: {node: '>=14'}
    hasBin: true

  process-warning@5.0.0:
    resolution: {integrity: sha512-a39t9ApHNx2L4+HBnQKqxxHNs1r7KF+Intd8Q/g1bUh6q0WIp9voPXJ/x0j+ZL45KF1pJd9+q2jLIRMfvEshkA==}

  quick-format-unescaped@4.0.4:
    resolution: {integrity: sha512-tYC1Q1hgyRuHgloV/YXs2w15unPVh8qfu/qCTfhTYamaw7fyhumKa2yGpdSo87vY32rIclj+4fWYQXUMs9EHvg==}

  real-require@0.2.0:
    resolution: {integrity: sha512-57frrGM/OCTLqLOAh0mhVA9VBMHd+9U7Zb2THMGdBUoZVOtGbJzjxsYGDJ3A9AYYCP4hn6y1TVbaOfzWtm5GFg==}
    engines: {node: '>= 12.13.0'}

  safe-stable-stringify@2.5.0:
    resolution: {integrity: sha512-b3rppTKm9T+PsVCBEOUR46GWI7fdOs00VKZ1+9c1EWDaDMvjQc6tUwuFyIprgGgTcWoVHSKrU8H31ZHA2e0RHA==}
    engines: {node: '>=10'}

  sonic-boom@4.2.0:
    resolution: {integrity: sha512-INb7TM37/mAcsGmc9hyyI6+QR3rR1zVRu36B0NeGXKnOOLiZOfER5SA+N7X7k3yUYRzLWafduTDvJAfDswwEww==}

  split2@4.2.0:
    resolution: {integrity: sha512-UcjcJOWknrNkF6PLX83qcHM6KHgVKNkV62Y8a5uYDVv9ydGQVwAHMKqHdJje1VTWpljG0WYpCDhrCdAOYH4TWg==}
    engines: {node: '>= 10.x'}

  thread-stream@3.1.0:
    resolution: {integrity: sha512-OqyPZ9u96VohAyMfJykzmivOrY2wfMSf3C5TtFJVgN+Hm6aj+voFhlK+kZEIv2FBh1X6Xp3DlnCOfEQ3B2J86A==}

snapshots:

  '@pinojs/redact@0.4.0': {}

  '@typescript/native-preview-darwin-arm64@7.0.0-dev.20251201.1':
    optional: true

  '@typescript/native-preview-darwin-x64@7.0.0-dev.20251201.1':
    optional: true

  '@typescript/native-preview-linux-arm64@7.0.0-dev.20251201.1':
    optional: true

  '@typescript/native-preview-linux-arm@7.0.0-dev.20251201.1':
    optional: true

  '@typescript/native-preview-linux-x64@7.0.0-dev.20251201.1':
    optional: true

  '@typescript/native-preview-win32-arm64@7.0.0-dev.20251201.1':
    optional: true

  '@typescript/native-preview-win32-x64@7.0.0-dev.20251201.1':
    optional: true

  '@typescript/native-preview@7.0.0-dev.20251201.1':
    optionalDependencies:
      '@typescript/native-preview-darwin-arm64': 7.0.0-dev.20251201.1
      '@typescript/native-preview-darwin-x64': 7.0.0-dev.20251201.1
      '@typescript/native-preview-linux-arm': 7.0.0-dev.20251201.1
      '@typescript/native-preview-linux-arm64': 7.0.0-dev.20251201.1
      '@typescript/native-preview-linux-x64': 7.0.0-dev.20251201.1
      '@typescript/native-preview-win32-arm64': 7.0.0-dev.20251201.1
      '@typescript/native-preview-win32-x64': 7.0.0-dev.20251201.1

  '@ultranomic/hook@1.3.6': {}

  atomic-sleep@1.0.0: {}

  on-exit-leak-free@2.1.2: {}

  pino-abstract-transport@2.0.0:
    dependencies:
      split2: 4.2.0

  pino-std-serializers@7.0.0: {}

  pino@10.1.0:
    dependencies:
      '@pinojs/redact': 0.4.0
      atomic-sleep: 1.0.0
      on-exit-leak-free: 2.1.2
      pino-abstract-transport: 2.0.0
      pino-std-serializers: 7.0.0
      process-warning: 5.0.0
      quick-format-unescaped: 4.0.4
      real-require: 0.2.0
      safe-stable-stringify: 2.5.0
      sonic-boom: 4.2.0
      thread-stream: 3.1.0

  prettier@3.7.3: {}

  process-warning@5.0.0: {}

  quick-format-unescaped@4.0.4: {}

  real-require@0.2.0: {}

  safe-stable-stringify@2.5.0: {}

  sonic-boom@4.2.0:
    dependencies:
      atomic-sleep: 1.0.0

  split2@4.2.0: {}

  thread-stream@3.1.0:
    dependencies:
      real-require: 0.2.0
